
Microsoft Visual Studio Solution File, Format Version 12.00
# Visual Studio Version 16
VisualStudioVersion = 16.0.30011.22
MinimumVisualStudioVersion = 10.0.40219.1
Project("{9A19103F-16F7-4668-BE54-9A1E7A4F7556}") = "Yumiko", "Discord Bot\Yumiko.csproj", "{A564B165-1DAB-42F9-90CA-D801B1C4BAE1}"
EndProject
Global
	GlobalSection(SolutionConfigurationPlatforms) = preSolution
		Debug|Any CPU = Debug|Any CPU
		Release|Any CPU = Release|Any CPU
	EndGlobalSection
	GlobalSection(ProjectConfigurationPlatforms) = postSolution
		{A564B165-1DAB-42F9-90CA-D801B1C4BAE1}.Debug|Any CPU.ActiveCfg = Debug|Any CPU
		{A564B165-1DAB-42F9-90CA-D801B1C4BAE1}.Debug|Any CPU.Build.0 = Debug|Any CPU
		{A564B165-1DAB-42F9-90CA-D801B1C4BAE1}.Release|Any CPU.ActiveCfg = Release|Any CPU
		{A564B165-1DAB-42F9-90CA-D801B1C4BAE1}.Release|Any CPU.Build.0 = Release|Any CPU
	EndGlobalSection
	GlobalSection(SolutionProperties) = preSolution
		HideSolutionNode = FALSE
	EndGlobalSection
	GlobalSection(ExtensibilityGlobals) = postSolution
		SolutionGuid = {12BC4F8F-13F0-45BF-AAD0-72C753316173}
	EndGlobalSection
EndGlobal
