
Microsoft Visual Studio Solution File, Format Version 12.00
# Visual Studio Version 17
VisualStudioVersion = 17.1.32210.238
MinimumVisualStudioVersion = 10.0.40219.1
Project("{9A19103F-16F7-4668-BE54-9A1E7A4F7556}") = "Yumiko.Bot", "src\Yumiko.Bot\Yumiko.Bot.csproj", "{3A90D48D-8B9A-43AF-9BB5-540C8A87DCB2}"
EndProject
Global
	GlobalSection(SolutionConfigurationPlatforms) = preSolution
		Debug|Any CPU = Debug|Any CPU
		Release|Any CPU = Release|Any CPU
	EndGlobalSection
	GlobalSection(ProjectConfigurationPlatforms) = postSolution
		{3A90D48D-8B9A-43AF-9BB5-540C8A87DCB2}.Debug|Any CPU.ActiveCfg = Debug|Any CPU
		{3A90D48D-8B9A-43AF-9BB5-540C8A87DCB2}.Debug|Any CPU.Build.0 = Debug|Any CPU
		{3A90D48D-8B9A-43AF-9BB5-540C8A87DCB2}.Release|Any CPU.ActiveCfg = Release|Any CPU
		{3A90D48D-8B9A-43AF-9BB5-540C8A87DCB2}.Release|Any CPU.Build.0 = Release|Any CPU
	EndGlobalSection
	GlobalSection(SolutionProperties) = preSolution
		HideSolutionNode = FALSE
	EndGlobalSection
	GlobalSection(ExtensibilityGlobals) = postSolution
		SolutionGuid = {70641295-0882-4846-9E22-9E81C712C184}
	EndGlobalSection
EndGlobal
