
Microsoft Visual Studio Solution File, Format Version 12.00
# Visual Studio Version 16
VisualStudioVersion = 16.0.30717.126
MinimumVisualStudioVersion = 10.0.40219.1
Project("{FAE04EC0-301F-11D3-BF4B-00C04F79EFBC}") = "YumikoBot", "YumikoBot\YumikoBot.csproj", "{DAA64DCE-FF52-4193-8861-9EDD649D5128}"
EndProject
Global
	GlobalSection(SolutionConfigurationPlatforms) = preSolution
		Debug|Any CPU = Debug|Any CPU
		Release|Any CPU = Release|Any CPU
	EndGlobalSection
	GlobalSection(ProjectConfigurationPlatforms) = postSolution
		{DAA64DCE-FF52-4193-8861-9EDD649D5128}.Debug|Any CPU.ActiveCfg = Debug|Any CPU
		{DAA64DCE-FF52-4193-8861-9EDD649D5128}.Debug|Any CPU.Build.0 = Debug|Any CPU
		{DAA64DCE-FF52-4193-8861-9EDD649D5128}.Release|Any CPU.ActiveCfg = Release|Any CPU
		{DAA64DCE-FF52-4193-8861-9EDD649D5128}.Release|Any CPU.Build.0 = Release|Any CPU
	EndGlobalSection
	GlobalSection(SolutionProperties) = preSolution
		HideSolutionNode = FALSE
	EndGlobalSection
	GlobalSection(ExtensibilityGlobals) = postSolution
		SolutionGuid = {A6534EE8-B739-4E67-B623-6BC49FF05E20}
	EndGlobalSection
EndGlobal
